// !$*UTF8*$!
{
	archiveVersion = 1;
	classes = {
	};
	objectVersion = 51;
	objects = {

/* Begin PBXBuildFile section */
		21703D043344110517BF5E4E /* Pods_Weather.framework in Frameworks */ = {isa = PBXBuildFile; fileRef = 2CC891B9BC9CFF80C3EF5976 /* Pods_Weather.framework */; };
		4C375E6E24DE11F400651495 /* CitiesDBModel.swift in Sources */ = {isa = PBXBuildFile; fileRef = 4C375E6D24DE11F400651495 /* CitiesDBModel.swift */; };
		4CF92C2C24DC90BF0095C45A /* AppDelegate.swift in Sources */ = {isa = PBXBuildFile; fileRef = 4CF92C2B24DC90BF0095C45A /* AppDelegate.swift */; };
		4CF92C2E24DC90BF0095C45A /* SceneDelegate.swift in Sources */ = {isa = PBXBuildFile; fileRef = 4CF92C2D24DC90BF0095C45A /* SceneDelegate.swift */; };
		4CF92C3324DC90BF0095C45A /* Main.storyboard in Resources */ = {isa = PBXBuildFile; fileRef = 4CF92C3124DC90BF0095C45A /* Main.storyboard */; };
		4CF92C3624DC90BF0095C45A /* Weather.xcdatamodeld in Sources */ = {isa = PBXBuildFile; fileRef = 4CF92C3424DC90BF0095C45A /* Weather.xcdatamodeld */; };
		4CF92C3824DC90C20095C45A /* Assets.xcassets in Resources */ = {isa = PBXBuildFile; fileRef = 4CF92C3724DC90C20095C45A /* Assets.xcassets */; };
		4CF92C3B24DC90C20095C45A /* LaunchScreen.storyboard in Resources */ = {isa = PBXBuildFile; fileRef = 4CF92C3924DC90C20095C45A /* LaunchScreen.storyboard */; };
		4CF92C4624DC90C20095C45A /* WeatherTests.swift in Sources */ = {isa = PBXBuildFile; fileRef = 4CF92C4524DC90C20095C45A /* WeatherTests.swift */; };
		4CF92C5124DC90C20095C45A /* WeatherUITests.swift in Sources */ = {isa = PBXBuildFile; fileRef = 4CF92C5024DC90C20095C45A /* WeatherUITests.swift */; };
		4CF92C6224DCB19F0095C45A /* CitiesResponseModel.swift in Sources */ = {isa = PBXBuildFile; fileRef = 4CF92C6124DCB19F0095C45A /* CitiesResponseModel.swift */; };
		4CF92C6424DCB1EF0095C45A /* City.swift in Sources */ = {isa = PBXBuildFile; fileRef = 4CF92C6324DCB1EF0095C45A /* City.swift */; };
		4CF92C6724DCB3700095C45A /* CitiesListViewController.swift in Sources */ = {isa = PBXBuildFile; fileRef = 4CF92C6624DCB3700095C45A /* CitiesListViewController.swift */; };
		4CF92C6B24DCBC010095C45A /* CustomCityCell.swift in Sources */ = {isa = PBXBuildFile; fileRef = 4CF92C6A24DCBC010095C45A /* CustomCityCell.swift */; };
		4CF92C6D24DCBC360095C45A /* CustomCityCell.xib in Resources */ = {isa = PBXBuildFile; fileRef = 4CF92C6C24DCBC360095C45A /* CustomCityCell.xib */; };
		4CF92C6F24DCBFF10095C45A /* CityCellModel.swift in Sources */ = {isa = PBXBuildFile; fileRef = 4CF92C6E24DCBFF10095C45A /* CityCellModel.swift */; };
		4CF92C7124DCC96F0095C45A /* CitiesListViewModel.swift in Sources */ = {isa = PBXBuildFile; fileRef = 4CF92C7024DCC96F0095C45A /* CitiesListViewModel.swift */; };
		4CF92C7524DCCBD80095C45A /* Error_Response_Model.swift in Sources */ = {isa = PBXBuildFile; fileRef = 4CF92C7424DCCBD80095C45A /* Error_Response_Model.swift */; };
		4CF92C7824DCCE890095C45A /* OperationalRepository.swift in Sources */ = {isa = PBXBuildFile; fileRef = 4CF92C7724DCCE890095C45A /* OperationalRepository.swift */; };
		4CF92C7B24DCCEE90095C45A /* Utilities.swift in Sources */ = {isa = PBXBuildFile; fileRef = 4CF92C7A24DCCEE90095C45A /* Utilities.swift */; };
		4CF92C7D24DCD2010095C45A /* APIManager.swift in Sources */ = {isa = PBXBuildFile; fileRef = 4CF92C7C24DCD2010095C45A /* APIManager.swift */; };
		4CF92C7F24DCD2810095C45A /* BaseApi.swift in Sources */ = {isa = PBXBuildFile; fileRef = 4CF92C7E24DCD2810095C45A /* BaseApi.swift */; };
		685DF434806BAD2A4807B5F8 /* Pods_Weather_WeatherUITests.framework in Frameworks */ = {isa = PBXBuildFile; fileRef = C16EE5F3CBA34B60B4F525ED /* Pods_Weather_WeatherUITests.framework */; };
		7CEAF93D6225E51049A8CC1E /* Pods_WeatherTests.framework in Frameworks */ = {isa = PBXBuildFile; fileRef = C4FC2B65766C6D202502D407 /* Pods_WeatherTests.framework */; };
/* End PBXBuildFile section */

/* Begin PBXContainerItemProxy section */
		4CF92C4224DC90C20095C45A /* PBXContainerItemProxy */ = {
			isa = PBXContainerItemProxy;
			containerPortal = 4CF92C2024DC90BF0095C45A /* Project object */;
			proxyType = 1;
			remoteGlobalIDString = 4CF92C2724DC90BF0095C45A;
			remoteInfo = Weather;
		};
		4CF92C4D24DC90C20095C45A /* PBXContainerItemProxy */ = {
			isa = PBXContainerItemProxy;
			containerPortal = 4CF92C2024DC90BF0095C45A /* Project object */;
			proxyType = 1;
			remoteGlobalIDString = 4CF92C2724DC90BF0095C45A;
			remoteInfo = Weather;
		};
/* End PBXContainerItemProxy section */

/* Begin PBXFileReference section */
		2CC891B9BC9CFF80C3EF5976 /* Pods_Weather.framework */ = {isa = PBXFileReference; explicitFileType = wrapper.framework; includeInIndex = 0; path = Pods_Weather.framework; sourceTree = BUILT_PRODUCTS_DIR; };
		4C375E6D24DE11F400651495 /* CitiesDBModel.swift */ = {isa = PBXFileReference; lastKnownFileType = sourcecode.swift; path = CitiesDBModel.swift; sourceTree = "<group>"; };
		4CF92C2824DC90BF0095C45A /* Weather.app */ = {isa = PBXFileReference; explicitFileType = wrapper.application; includeInIndex = 0; path = Weather.app; sourceTree = BUILT_PRODUCTS_DIR; };
		4CF92C2B24DC90BF0095C45A /* AppDelegate.swift */ = {isa = PBXFileReference; lastKnownFileType = sourcecode.swift; path = AppDelegate.swift; sourceTree = "<group>"; };
		4CF92C2D24DC90BF0095C45A /* SceneDelegate.swift */ = {isa = PBXFileReference; lastKnownFileType = sourcecode.swift; path = SceneDelegate.swift; sourceTree = "<group>"; };
		4CF92C3224DC90BF0095C45A /* Base */ = {isa = PBXFileReference; lastKnownFileType = file.storyboard; name = Base; path = Base.lproj/Main.storyboard; sourceTree = "<group>"; };
		4CF92C3524DC90BF0095C45A /* Weather.xcdatamodel */ = {isa = PBXFileReference; lastKnownFileType = wrapper.xcdatamodel; path = Weather.xcdatamodel; sourceTree = "<group>"; };
		4CF92C3724DC90C20095C45A /* Assets.xcassets */ = {isa = PBXFileReference; lastKnownFileType = folder.assetcatalog; path = Assets.xcassets; sourceTree = "<group>"; };
		4CF92C3A24DC90C20095C45A /* Base */ = {isa = PBXFileReference; lastKnownFileType = file.storyboard; name = Base; path = Base.lproj/LaunchScreen.storyboard; sourceTree = "<group>"; };
		4CF92C3C24DC90C20095C45A /* Info.plist */ = {isa = PBXFileReference; lastKnownFileType = text.plist.xml; path = Info.plist; sourceTree = "<group>"; };
		4CF92C4124DC90C20095C45A /* WeatherTests.xctest */ = {isa = PBXFileReference; explicitFileType = wrapper.cfbundle; includeInIndex = 0; path = WeatherTests.xctest; sourceTree = BUILT_PRODUCTS_DIR; };
		4CF92C4524DC90C20095C45A /* WeatherTests.swift */ = {isa = PBXFileReference; lastKnownFileType = sourcecode.swift; path = WeatherTests.swift; sourceTree = "<group>"; };
		4CF92C4724DC90C20095C45A /* Info.plist */ = {isa = PBXFileReference; lastKnownFileType = text.plist.xml; path = Info.plist; sourceTree = "<group>"; };
		4CF92C4C24DC90C20095C45A /* WeatherUITests.xctest */ = {isa = PBXFileReference; explicitFileType = wrapper.cfbundle; includeInIndex = 0; path = WeatherUITests.xctest; sourceTree = BUILT_PRODUCTS_DIR; };
		4CF92C5024DC90C20095C45A /* WeatherUITests.swift */ = {isa = PBXFileReference; lastKnownFileType = sourcecode.swift; path = WeatherUITests.swift; sourceTree = "<group>"; };
		4CF92C5224DC90C20095C45A /* Info.plist */ = {isa = PBXFileReference; lastKnownFileType = text.plist.xml; path = Info.plist; sourceTree = "<group>"; };
		4CF92C6124DCB19F0095C45A /* CitiesResponseModel.swift */ = {isa = PBXFileReference; lastKnownFileType = sourcecode.swift; path = CitiesResponseModel.swift; sourceTree = "<group>"; };
		4CF92C6324DCB1EF0095C45A /* City.swift */ = {isa = PBXFileReference; lastKnownFileType = sourcecode.swift; path = City.swift; sourceTree = "<group>"; };
		4CF92C6624DCB3700095C45A /* CitiesListViewController.swift */ = {isa = PBXFileReference; lastKnownFileType = sourcecode.swift; path = CitiesListViewController.swift; sourceTree = "<group>"; };
		4CF92C6A24DCBC010095C45A /* CustomCityCell.swift */ = {isa = PBXFileReference; lastKnownFileType = sourcecode.swift; path = CustomCityCell.swift; sourceTree = "<group>"; };
		4CF92C6C24DCBC360095C45A /* CustomCityCell.xib */ = {isa = PBXFileReference; lastKnownFileType = file.xib; path = CustomCityCell.xib; sourceTree = "<group>"; };
		4CF92C6E24DCBFF10095C45A /* CityCellModel.swift */ = {isa = PBXFileReference; lastKnownFileType = sourcecode.swift; path = CityCellModel.swift; sourceTree = "<group>"; };
		4CF92C7024DCC96F0095C45A /* CitiesListViewModel.swift */ = {isa = PBXFileReference; lastKnownFileType = sourcecode.swift; path = CitiesListViewModel.swift; sourceTree = "<group>"; };
		4CF92C7424DCCBD80095C45A /* Error_Response_Model.swift */ = {isa = PBXFileReference; lastKnownFileType = sourcecode.swift; path = Error_Response_Model.swift; sourceTree = "<group>"; };
		4CF92C7724DCCE890095C45A /* OperationalRepository.swift */ = {isa = PBXFileReference; lastKnownFileType = sourcecode.swift; path = OperationalRepository.swift; sourceTree = "<group>"; };
		4CF92C7A24DCCEE90095C45A /* Utilities.swift */ = {isa = PBXFileReference; lastKnownFileType = sourcecode.swift; path = Utilities.swift; sourceTree = "<group>"; };
		4CF92C7C24DCD2010095C45A /* APIManager.swift */ = {isa = PBXFileReference; lastKnownFileType = sourcecode.swift; path = APIManager.swift; sourceTree = "<group>"; };
		4CF92C7E24DCD2810095C45A /* BaseApi.swift */ = {isa = PBXFileReference; lastKnownFileType = sourcecode.swift; path = BaseApi.swift; sourceTree = "<group>"; };
		8338AA9257E9586922B8D426 /* Pods-WeatherTests.debug.xcconfig */ = {isa = PBXFileReference; includeInIndex = 1; lastKnownFileType = text.xcconfig; name = "Pods-WeatherTests.debug.xcconfig"; path = "Target Support Files/Pods-WeatherTests/Pods-WeatherTests.debug.xcconfig"; sourceTree = "<group>"; };
		BFEA4814067A34B1E1A2516D /* Pods-Weather.release.xcconfig */ = {isa = PBXFileReference; includeInIndex = 1; lastKnownFileType = text.xcconfig; name = "Pods-Weather.release.xcconfig"; path = "Target Support Files/Pods-Weather/Pods-Weather.release.xcconfig"; sourceTree = "<group>"; };
		C16EE5F3CBA34B60B4F525ED /* Pods_Weather_WeatherUITests.framework */ = {isa = PBXFileReference; explicitFileType = wrapper.framework; includeInIndex = 0; path = Pods_Weather_WeatherUITests.framework; sourceTree = BUILT_PRODUCTS_DIR; };
		C4FC2B65766C6D202502D407 /* Pods_WeatherTests.framework */ = {isa = PBXFileReference; explicitFileType = wrapper.framework; includeInIndex = 0; path = Pods_WeatherTests.framework; sourceTree = BUILT_PRODUCTS_DIR; };
		C54BD5D2B71FAFAB76214F36 /* Pods-Weather.debug.xcconfig */ = {isa = PBXFileReference; includeInIndex = 1; lastKnownFileType = text.xcconfig; name = "Pods-Weather.debug.xcconfig"; path = "Target Support Files/Pods-Weather/Pods-Weather.debug.xcconfig"; sourceTree = "<group>"; };
		CE05D2CAD96DF1B736590E5C /* Pods-WeatherTests.release.xcconfig */ = {isa = PBXFileReference; includeInIndex = 1; lastKnownFileType = text.xcconfig; name = "Pods-WeatherTests.release.xcconfig"; path = "Target Support Files/Pods-WeatherTests/Pods-WeatherTests.release.xcconfig"; sourceTree = "<group>"; };
		F03AB91A58A77280BBBAA610 /* Pods-Weather-WeatherUITests.debug.xcconfig */ = {isa = PBXFileReference; includeInIndex = 1; lastKnownFileType = text.xcconfig; name = "Pods-Weather-WeatherUITests.debug.xcconfig"; path = "Target Support Files/Pods-Weather-WeatherUITests/Pods-Weather-WeatherUITests.debug.xcconfig"; sourceTree = "<group>"; };
		FB476BF9BF0FBFD50F97BBBA /* Pods-Weather-WeatherUITests.release.xcconfig */ = {isa = PBXFileReference; includeInIndex = 1; lastKnownFileType = text.xcconfig; name = "Pods-Weather-WeatherUITests.release.xcconfig"; path = "Target Support Files/Pods-Weather-WeatherUITests/Pods-Weather-WeatherUITests.release.xcconfig"; sourceTree = "<group>"; };
/* End PBXFileReference section */

/* Begin PBXFrameworksBuildPhase section */
		4CF92C2524DC90BF0095C45A /* Frameworks */ = {
			isa = PBXFrameworksBuildPhase;
			buildActionMask = 2147483647;
			files = (
				21703D043344110517BF5E4E /* Pods_Weather.framework in Frameworks */,
			);
			runOnlyForDeploymentPostprocessing = 0;
		};
		4CF92C3E24DC90C20095C45A /* Frameworks */ = {
			isa = PBXFrameworksBuildPhase;
			buildActionMask = 2147483647;
			files = (
				7CEAF93D6225E51049A8CC1E /* Pods_WeatherTests.framework in Frameworks */,
			);
			runOnlyForDeploymentPostprocessing = 0;
		};
		4CF92C4924DC90C20095C45A /* Frameworks */ = {
			isa = PBXFrameworksBuildPhase;
			buildActionMask = 2147483647;
			files = (
				685DF434806BAD2A4807B5F8 /* Pods_Weather_WeatherUITests.framework in Frameworks */,
			);
			runOnlyForDeploymentPostprocessing = 0;
		};
/* End PBXFrameworksBuildPhase section */

/* Begin PBXGroup section */
		207DAC57DC7CEB09CC39D5FD /* Pods */ = {
			isa = PBXGroup;
			children = (
				C54BD5D2B71FAFAB76214F36 /* Pods-Weather.debug.xcconfig */,
				BFEA4814067A34B1E1A2516D /* Pods-Weather.release.xcconfig */,
				F03AB91A58A77280BBBAA610 /* Pods-Weather-WeatherUITests.debug.xcconfig */,
				FB476BF9BF0FBFD50F97BBBA /* Pods-Weather-WeatherUITests.release.xcconfig */,
				8338AA9257E9586922B8D426 /* Pods-WeatherTests.debug.xcconfig */,
				CE05D2CAD96DF1B736590E5C /* Pods-WeatherTests.release.xcconfig */,
			);
			path = Pods;
			sourceTree = "<group>";
		};
		4CF92C1F24DC90BF0095C45A = {
			isa = PBXGroup;
			children = (
				4CF92C2A24DC90BF0095C45A /* Weather */,
				4CF92C4424DC90C20095C45A /* WeatherTests */,
				4CF92C4F24DC90C20095C45A /* WeatherUITests */,
				4CF92C2924DC90BF0095C45A /* Products */,
				207DAC57DC7CEB09CC39D5FD /* Pods */,
				69B848412726A5B9459B0735 /* Frameworks */,
			);
			sourceTree = "<group>";
		};
		4CF92C2924DC90BF0095C45A /* Products */ = {
			isa = PBXGroup;
			children = (
				4CF92C2824DC90BF0095C45A /* Weather.app */,
				4CF92C4124DC90C20095C45A /* WeatherTests.xctest */,
				4CF92C4C24DC90C20095C45A /* WeatherUITests.xctest */,
			);
			name = Products;
			sourceTree = "<group>";
		};
		4CF92C2A24DC90BF0095C45A /* Weather */ = {
			isa = PBXGroup;
			children = (
				4CF92C7924DCCED40095C45A /* Utilities */,
				4CF92C7624DCCE3F0095C45A /* NetWorkManager */,
				4CF92C6024DCB1090095C45A /* ViewModel */,
				4CF92C5F24DCB1010095C45A /* View */,
				4CF92C5E24DCB0EA0095C45A /* Model */,
				4CF92C2B24DC90BF0095C45A /* AppDelegate.swift */,
				4CF92C2D24DC90BF0095C45A /* SceneDelegate.swift */,
				4CF92C3724DC90C20095C45A /* Assets.xcassets */,
				4CF92C3924DC90C20095C45A /* LaunchScreen.storyboard */,
				4CF92C3C24DC90C20095C45A /* Info.plist */,
				4CF92C3424DC90BF0095C45A /* Weather.xcdatamodeld */,
			);
			path = Weather;
			sourceTree = "<group>";
		};
		4CF92C4424DC90C20095C45A /* WeatherTests */ = {
			isa = PBXGroup;
			children = (
				4CF92C4524DC90C20095C45A /* WeatherTests.swift */,
				4CF92C4724DC90C20095C45A /* Info.plist */,
			);
			path = WeatherTests;
			sourceTree = "<group>";
		};
		4CF92C4F24DC90C20095C45A /* WeatherUITests */ = {
			isa = PBXGroup;
			children = (
				4CF92C5024DC90C20095C45A /* WeatherUITests.swift */,
				4CF92C5224DC90C20095C45A /* Info.plist */,
			);
			path = WeatherUITests;
			sourceTree = "<group>";
		};
		4CF92C5E24DCB0EA0095C45A /* Model */ = {
			isa = PBXGroup;
			children = (
				4CF92C6124DCB19F0095C45A /* CitiesResponseModel.swift */,
				4CF92C6324DCB1EF0095C45A /* City.swift */,
				4CF92C7424DCCBD80095C45A /* Error_Response_Model.swift */,
				4C375E6D24DE11F400651495 /* CitiesDBModel.swift */,
			);
			path = Model;
			sourceTree = "<group>";
		};
		4CF92C5F24DCB1010095C45A /* View */ = {
			isa = PBXGroup;
			children = (
				4CF92C6924DCBBEC0095C45A /* CityCell */,
				4CF92C6524DCB3530095C45A /* Controllers */,
				4CF92C3124DC90BF0095C45A /* Main.storyboard */,
			);
			path = View;
			sourceTree = "<group>";
		};
		4CF92C6024DCB1090095C45A /* ViewModel */ = {
			isa = PBXGroup;
			children = (
				4CF92C7024DCC96F0095C45A /* CitiesListViewModel.swift */,
			);
			path = ViewModel;
			sourceTree = "<group>";
		};
		4CF92C6524DCB3530095C45A /* Controllers */ = {
			isa = PBXGroup;
			children = (
				4CF92C6624DCB3700095C45A /* CitiesListViewController.swift */,
			);
			path = Controllers;
			sourceTree = "<group>";
		};
		4CF92C6924DCBBEC0095C45A /* CityCell */ = {
			isa = PBXGroup;
			children = (
				4CF92C6A24DCBC010095C45A /* CustomCityCell.swift */,
				4CF92C6C24DCBC360095C45A /* CustomCityCell.xib */,
				4CF92C6E24DCBFF10095C45A /* CityCellModel.swift */,
			);
			path = CityCell;
			sourceTree = "<group>";
		};
		4CF92C7624DCCE3F0095C45A /* NetWorkManager */ = {
			isa = PBXGroup;
			children = (
				4CF92C7724DCCE890095C45A /* OperationalRepository.swift */,
				4CF92C7C24DCD2010095C45A /* APIManager.swift */,
				4CF92C7E24DCD2810095C45A /* BaseApi.swift */,
			);
			path = NetWorkManager;
			sourceTree = "<group>";
		};
		4CF92C7924DCCED40095C45A /* Utilities */ = {
			isa = PBXGroup;
			children = (
				4CF92C7A24DCCEE90095C45A /* Utilities.swift */,
			);
			path = Utilities;
			sourceTree = "<group>";
		};
		69B848412726A5B9459B0735 /* Frameworks */ = {
			isa = PBXGroup;
			children = (
				2CC891B9BC9CFF80C3EF5976 /* Pods_Weather.framework */,
				C16EE5F3CBA34B60B4F525ED /* Pods_Weather_WeatherUITests.framework */,
				C4FC2B65766C6D202502D407 /* Pods_WeatherTests.framework */,
			);
			name = Frameworks;
			sourceTree = "<group>";
		};
/* End PBXGroup section */

/* Begin PBXNativeTarget section */
		4CF92C2724DC90BF0095C45A /* Weather */ = {
			isa = PBXNativeTarget;
			buildConfigurationList = 4CF92C5524DC90C20095C45A /* Build configuration list for PBXNativeTarget "Weather" */;
			buildPhases = (
				67A43B463914A58584138FAC /* [CP] Check Pods Manifest.lock */,
				4CF92C2424DC90BF0095C45A /* Sources */,
				4CF92C2524DC90BF0095C45A /* Frameworks */,
				4CF92C2624DC90BF0095C45A /* Resources */,
				74423967DD97419AFFFB869F /* [CP] Embed Pods Frameworks */,
			);
			buildRules = (
			);
			dependencies = (
			);
			name = Weather;
			productName = Weather;
			productReference = 4CF92C2824DC90BF0095C45A /* Weather.app */;
			productType = "com.apple.product-type.application";
		};
		4CF92C4024DC90C20095C45A /* WeatherTests */ = {
			isa = PBXNativeTarget;
			buildConfigurationList = 4CF92C5824DC90C20095C45A /* Build configuration list for PBXNativeTarget "WeatherTests" */;
			buildPhases = (
				7EE9AE4770B3971A8D97D36E /* [CP] Check Pods Manifest.lock */,
				4CF92C3D24DC90C20095C45A /* Sources */,
				4CF92C3E24DC90C20095C45A /* Frameworks */,
				4CF92C3F24DC90C20095C45A /* Resources */,
			);
			buildRules = (
			);
			dependencies = (
				4CF92C4324DC90C20095C45A /* PBXTargetDependency */,
			);
			name = WeatherTests;
			productName = WeatherTests;
			productReference = 4CF92C4124DC90C20095C45A /* WeatherTests.xctest */;
			productType = "com.apple.product-type.bundle.unit-test";
		};
		4CF92C4B24DC90C20095C45A /* WeatherUITests */ = {
			isa = PBXNativeTarget;
			buildConfigurationList = 4CF92C5B24DC90C20095C45A /* Build configuration list for PBXNativeTarget "WeatherUITests" */;
			buildPhases = (
				D5A7AE91CE0F5ED120457A00 /* [CP] Check Pods Manifest.lock */,
				4CF92C4824DC90C20095C45A /* Sources */,
				4CF92C4924DC90C20095C45A /* Frameworks */,
				4CF92C4A24DC90C20095C45A /* Resources */,
				BC5E61A840C278A982F8433D /* [CP] Embed Pods Frameworks */,
			);
			buildRules = (
			);
			dependencies = (
				4CF92C4E24DC90C20095C45A /* PBXTargetDependency */,
			);
			name = WeatherUITests;
			productName = WeatherUITests;
			productReference = 4CF92C4C24DC90C20095C45A /* WeatherUITests.xctest */;
			productType = "com.apple.product-type.bundle.ui-testing";
		};
/* End PBXNativeTarget section */

/* Begin PBXProject section */
		4CF92C2024DC90BF0095C45A /* Project object */ = {
			isa = PBXProject;
			attributes = {
				LastSwiftUpdateCheck = 1120;
				LastUpgradeCheck = 1120;
				ORGANIZATIONNAME = "Mohammed hassan";
				TargetAttributes = {
					4CF92C2724DC90BF0095C45A = {
						CreatedOnToolsVersion = 11.2.1;
					};
					4CF92C4024DC90C20095C45A = {
						CreatedOnToolsVersion = 11.2.1;
						TestTargetID = 4CF92C2724DC90BF0095C45A;
					};
					4CF92C4B24DC90C20095C45A = {
						CreatedOnToolsVersion = 11.2.1;
						TestTargetID = 4CF92C2724DC90BF0095C45A;
					};
				};
			};
			buildConfigurationList = 4CF92C2324DC90BF0095C45A /* Build configuration list for PBXProject "Weather" */;
			compatibilityVersion = "Xcode 9.3";
			developmentRegion = en;
			hasScannedForEncodings = 0;
			knownRegions = (
				en,
				Base,
			);
			mainGroup = 4CF92C1F24DC90BF0095C45A;
			productRefGroup = 4CF92C2924DC90BF0095C45A /* Products */;
			projectDirPath = "";
			projectRoot = "";
			targets = (
				4CF92C2724DC90BF0095C45A /* Weather */,
				4CF92C4024DC90C20095C45A /* WeatherTests */,
				4CF92C4B24DC90C20095C45A /* WeatherUITests */,
			);
		};
/* End PBXProject section */

/* Begin PBXResourcesBuildPhase section */
		4CF92C2624DC90BF0095C45A /* Resources */ = {
			isa = PBXResourcesBuildPhase;
			buildActionMask = 2147483647;
			files = (
				4CF92C3B24DC90C20095C45A /* LaunchScreen.storyboard in Resources */,
				4CF92C3824DC90C20095C45A /* Assets.xcassets in Resources */,
				4CF92C3324DC90BF0095C45A /* Main.storyboard in Resources */,
				4CF92C6D24DCBC360095C45A /* CustomCityCell.xib in Resources */,
			);
			runOnlyForDeploymentPostprocessing = 0;
		};
		4CF92C3F24DC90C20095C45A /* Resources */ = {
			isa = PBXResourcesBuildPhase;
			buildActionMask = 2147483647;
			files = (
			);
			runOnlyForDeploymentPostprocessing = 0;
		};
		4CF92C4A24DC90C20095C45A /* Resources */ = {
			isa = PBXResourcesBuildPhase;
			buildActionMask = 2147483647;
			files = (
			);
			runOnlyForDeploymentPostprocessing = 0;
		};
/* End PBXResourcesBuildPhase section */

/* Begin PBXShellScriptBuildPhase section */
		67A43B463914A58584138FAC /* [CP] Check Pods Manifest.lock */ = {
			isa = PBXShellScriptBuildPhase;
			buildActionMask = 2147483647;
			files = (
			);
			inputFileListPaths = (
			);
			inputPaths = (
				"${PODS_PODFILE_DIR_PATH}/Podfile.lock",
				"${PODS_ROOT}/Manifest.lock",
			);
			name = "[CP] Check Pods Manifest.lock";
			outputFileListPaths = (
			);
			outputPaths = (
				"$(DERIVED_FILE_DIR)/Pods-Weather-checkManifestLockResult.txt",
			);
			runOnlyForDeploymentPostprocessing = 0;
			shellPath = /bin/sh;
			shellScript = "diff \"${PODS_PODFILE_DIR_PATH}/Podfile.lock\" \"${PODS_ROOT}/Manifest.lock\" > /dev/null\nif [ $? != 0 ] ; then\n    # print error to STDERR\n    echo \"error: The sandbox is not in sync with the Podfile.lock. Run 'pod install' or update your CocoaPods installation.\" >&2\n    exit 1\nfi\n# This output is used by Xcode 'outputs' to avoid re-running this script phase.\necho \"SUCCESS\" > \"${SCRIPT_OUTPUT_FILE_0}\"\n";
			showEnvVarsInLog = 0;
		};
		74423967DD97419AFFFB869F /* [CP] Embed Pods Frameworks */ = {
			isa = PBXShellScriptBuildPhase;
			buildActionMask = 2147483647;
			files = (
			);
			inputFileListPaths = (
				"${PODS_ROOT}/Target Support Files/Pods-Weather/Pods-Weather-frameworks-${CONFIGURATION}-input-files.xcfilelist",
			);
			name = "[CP] Embed Pods Frameworks";
			outputFileListPaths = (
				"${PODS_ROOT}/Target Support Files/Pods-Weather/Pods-Weather-frameworks-${CONFIGURATION}-output-files.xcfilelist",
			);
			runOnlyForDeploymentPostprocessing = 0;
			shellPath = /bin/sh;
			shellScript = "\"${PODS_ROOT}/Target Support Files/Pods-Weather/Pods-Weather-frameworks.sh\"\n";
			showEnvVarsInLog = 0;
		};
		7EE9AE4770B3971A8D97D36E /* [CP] Check Pods Manifest.lock */ = {
			isa = PBXShellScriptBuildPhase;
			buildActionMask = 2147483647;
			files = (
			);
			inputFileListPaths = (
			);
			inputPaths = (
				"${PODS_PODFILE_DIR_PATH}/Podfile.lock",
				"${PODS_ROOT}/Manifest.lock",
			);
			name = "[CP] Check Pods Manifest.lock";
			outputFileListPaths = (
			);
			outputPaths = (
				"$(DERIVED_FILE_DIR)/Pods-WeatherTests-checkManifestLockResult.txt",
			);
			runOnlyForDeploymentPostprocessing = 0;
			shellPath = /bin/sh;
			shellScript = "diff \"${PODS_PODFILE_DIR_PATH}/Podfile.lock\" \"${PODS_ROOT}/Manifest.lock\" > /dev/null\nif [ $? != 0 ] ; then\n    # print error to STDERR\n    echo \"error: The sandbox is not in sync with the Podfile.lock. Run 'pod install' or update your CocoaPods installation.\" >&2\n    exit 1\nfi\n# This output is used by Xcode 'outputs' to avoid re-running this script phase.\necho \"SUCCESS\" > \"${SCRIPT_OUTPUT_FILE_0}\"\n";
			showEnvVarsInLog = 0;
		};
		BC5E61A840C278A982F8433D /* [CP] Embed Pods Frameworks */ = {
			isa = PBXShellScriptBuildPhase;
			buildActionMask = 2147483647;
			files = (
			);
			inputFileListPaths = (
				"${PODS_ROOT}/Target Support Files/Pods-Weather-WeatherUITests/Pods-Weather-WeatherUITests-frameworks-${CONFIGURATION}-input-files.xcfilelist",
			);
			name = "[CP] Embed Pods Frameworks";
			outputFileListPaths = (
				"${PODS_ROOT}/Target Support Files/Pods-Weather-WeatherUITests/Pods-Weather-WeatherUITests-frameworks-${CONFIGURATION}-output-files.xcfilelist",
			);
			runOnlyForDeploymentPostprocessing = 0;
			shellPath = /bin/sh;
			shellScript = "\"${PODS_ROOT}/Target Support Files/Pods-Weather-WeatherUITests/Pods-Weather-WeatherUITests-frameworks.sh\"\n";
			showEnvVarsInLog = 0;
		};
		D5A7AE91CE0F5ED120457A00 /* [CP] Check Pods Manifest.lock */ = {
			isa = PBXShellScriptBuildPhase;
			buildActionMask = 2147483647;
			files = (
			);
			inputFileListPaths = (
			);
			inputPaths = (
				"${PODS_PODFILE_DIR_PATH}/Podfile.lock",
				"${PODS_ROOT}/Manifest.lock",
			);
			name = "[CP] Check Pods Manifest.lock";
			outputFileListPaths = (
			);
			outputPaths = (
				"$(DERIVED_FILE_DIR)/Pods-Weather-WeatherUITests-checkManifestLockResult.txt",
			);
			runOnlyForDeploymentPostprocessing = 0;
			shellPath = /bin/sh;
			shellScript = "diff \"${PODS_PODFILE_DIR_PATH}/Podfile.lock\" \"${PODS_ROOT}/Manifest.lock\" > /dev/null\nif [ $? != 0 ] ; then\n    # print error to STDERR\n    echo \"error: The sandbox is not in sync with the Podfile.lock. Run 'pod install' or update your CocoaPods installation.\" >&2\n    exit 1\nfi\n# This output is used by Xcode 'outputs' to avoid re-running this script phase.\necho \"SUCCESS\" > \"${SCRIPT_OUTPUT_FILE_0}\"\n";
			showEnvVarsInLog = 0;
		};
/* End PBXShellScriptBuildPhase section */

/* Begin PBXSourcesBuildPhase section */
		4CF92C2424DC90BF0095C45A /* Sources */ = {
			isa = PBXSourcesBuildPhase;
			buildActionMask = 2147483647;
			files = (
				4C375E6E24DE11F400651495 /* CitiesDBModel.swift in Sources */,
				4CF92C3624DC90BF0095C45A /* Weather.xcdatamodeld in Sources */,
				4CF92C7B24DCCEE90095C45A /* Utilities.swift in Sources */,
				4CF92C6F24DCBFF10095C45A /* CityCellModel.swift in Sources */,
				4CF92C7124DCC96F0095C45A /* CitiesListViewModel.swift in Sources */,
				4CF92C7524DCCBD80095C45A /* Error_Response_Model.swift in Sources */,
				4CF92C6724DCB3700095C45A /* CitiesListViewController.swift in Sources */,
				4CF92C6B24DCBC010095C45A /* CustomCityCell.swift in Sources */,
				4CF92C6424DCB1EF0095C45A /* City.swift in Sources */,
				4CF92C7824DCCE890095C45A /* OperationalRepository.swift in Sources */,
				4CF92C2C24DC90BF0095C45A /* AppDelegate.swift in Sources */,
				4CF92C7D24DCD2010095C45A /* APIManager.swift in Sources */,
				4CF92C7F24DCD2810095C45A /* BaseApi.swift in Sources */,
				4CF92C2E24DC90BF0095C45A /* SceneDelegate.swift in Sources */,
				4CF92C6224DCB19F0095C45A /* CitiesResponseModel.swift in Sources */,
			);
			runOnlyForDeploymentPostprocessing = 0;
		};
		4CF92C3D24DC90C20095C45A /* Sources */ = {
			isa = PBXSourcesBuildPhase;
			buildActionMask = 2147483647;
			files = (
				4CF92C4624DC90C20095C45A /* WeatherTests.swift in Sources */,
			);
			runOnlyForDeploymentPostprocessing = 0;
		};
		4CF92C4824DC90C20095C45A /* Sources */ = {
			isa = PBXSourcesBuildPhase;
			buildActionMask = 2147483647;
			files = (
				4CF92C5124DC90C20095C45A /* WeatherUITests.swift in Sources */,
			);
			runOnlyForDeploymentPostprocessing = 0;
		};
/* End PBXSourcesBuildPhase section */

/* Begin PBXTargetDependency section */
		4CF92C4324DC90C20095C45A /* PBXTargetDependency */ = {
			isa = PBXTargetDependency;
			target = 4CF92C2724DC90BF0095C45A /* Weather */;
			targetProxy = 4CF92C4224DC90C20095C45A /* PBXContainerItemProxy */;
		};
		4CF92C4E24DC90C20095C45A /* PBXTargetDependency */ = {
			isa = PBXTargetDependency;
			target = 4CF92C2724DC90BF0095C45A /* Weather */;
			targetProxy = 4CF92C4D24DC90C20095C45A /* PBXContainerItemProxy */;
		};
/* End PBXTargetDependency section */

/* Begin PBXVariantGroup section */
		4CF92C3124DC90BF0095C45A /* Main.storyboard */ = {
			isa = PBXVariantGroup;
			children = (
				4CF92C3224DC90BF0095C45A /* Base */,
			);
			name = Main.storyboard;
			sourceTree = "<group>";
		};
		4CF92C3924DC90C20095C45A /* LaunchScreen.storyboard */ = {
			isa = PBXVariantGroup;
			children = (
				4CF92C3A24DC90C20095C45A /* Base */,
			);
			name = LaunchScreen.storyboard;
			sourceTree = "<group>";
		};
/* End PBXVariantGroup section */

/* Begin XCBuildConfiguration section */
		4CF92C5324DC90C20095C45A /* Debug */ = {
			isa = XCBuildConfiguration;
			buildSettings = {
				ALWAYS_SEARCH_USER_PATHS = NO;
				CLANG_ANALYZER_NONNULL = YES;
				CLANG_ANALYZER_NUMBER_OBJECT_CONVERSION = YES_AGGRESSIVE;
				CLANG_CXX_LANGUAGE_STANDARD = "gnu++14";
				CLANG_CXX_LIBRARY = "libc++";
				CLANG_ENABLE_MODULES = YES;
				CLANG_ENABLE_OBJC_ARC = YES;
				CLANG_ENABLE_OBJC_WEAK = YES;
				CLANG_WARN_BLOCK_CAPTURE_AUTORELEASING = YES;
				CLANG_WARN_BOOL_CONVERSION = YES;
				CLANG_WARN_COMMA = YES;
				CLANG_WARN_CONSTANT_CONVERSION = YES;
				CLANG_WARN_DEPRECATED_OBJC_IMPLEMENTATIONS = YES;
				CLANG_WARN_DIRECT_OBJC_ISA_USAGE = YES_ERROR;
				CLANG_WARN_DOCUMENTATION_COMMENTS = YES;
				CLANG_WARN_EMPTY_BODY = YES;
				CLANG_WARN_ENUM_CONVERSION = YES;
				CLANG_WARN_INFINITE_RECURSION = YES;
				CLANG_WARN_INT_CONVERSION = YES;
				CLANG_WARN_NON_LITERAL_NULL_CONVERSION = YES;
				CLANG_WARN_OBJC_IMPLICIT_RETAIN_SELF = YES;
				CLANG_WARN_OBJC_LITERAL_CONVERSION = YES;
				CLANG_WARN_OBJC_ROOT_CLASS = YES_ERROR;
				CLANG_WARN_RANGE_LOOP_ANALYSIS = YES;
				CLANG_WARN_STRICT_PROTOTYPES = YES;
				CLANG_WARN_SUSPICIOUS_MOVE = YES;
				CLANG_WARN_UNGUARDED_AVAILABILITY = YES_AGGRESSIVE;
				CLANG_WARN_UNREACHABLE_CODE = YES;
				CLANG_WARN__DUPLICATE_METHOD_MATCH = YES;
				COPY_PHASE_STRIP = NO;
				DEBUG_INFORMATION_FORMAT = dwarf;
				ENABLE_STRICT_OBJC_MSGSEND = YES;
				ENABLE_TESTABILITY = YES;
				GCC_C_LANGUAGE_STANDARD = gnu11;
				GCC_DYNAMIC_NO_PIC = NO;
				GCC_NO_COMMON_BLOCKS = YES;
				GCC_OPTIMIZATION_LEVEL = 0;
				GCC_PREPROCESSOR_DEFINITIONS = (
					"DEBUG=1",
					"$(inherited)",
				);
				GCC_WARN_64_TO_32_BIT_CONVERSION = YES;
				GCC_WARN_ABOUT_RETURN_TYPE = YES_ERROR;
				GCC_WARN_UNDECLARED_SELECTOR = YES;
				GCC_WARN_UNINITIALIZED_AUTOS = YES_AGGRESSIVE;
				GCC_WARN_UNUSED_FUNCTION = YES;
				GCC_WARN_UNUSED_VARIABLE = YES;
				IPHONEOS_DEPLOYMENT_TARGET = 13.2;
				MTL_ENABLE_DEBUG_INFO = INCLUDE_SOURCE;
				MTL_FAST_MATH = YES;
				ONLY_ACTIVE_ARCH = YES;
				SDKROOT = iphoneos;
				SWIFT_ACTIVE_COMPILATION_CONDITIONS = DEBUG;
				SWIFT_OPTIMIZATION_LEVEL = "-Onone";
			};
			name = Debug;
		};
		4CF92C5424DC90C20095C45A /* Release */ = {
			isa = XCBuildConfiguration;
			buildSettings = {
				ALWAYS_SEARCH_USER_PATHS = NO;
				CLANG_ANALYZER_NONNULL = YES;
				CLANG_ANALYZER_NUMBER_OBJECT_CONVERSION = YES_AGGRESSIVE;
				CLANG_CXX_LANGUAGE_STANDARD = "gnu++14";
				CLANG_CXX_LIBRARY = "libc++";
				CLANG_ENABLE_MODULES = YES;
				CLANG_ENABLE_OBJC_ARC = YES;
				CLANG_ENABLE_OBJC_WEAK = YES;
				CLANG_WARN_BLOCK_CAPTURE_AUTORELEASING = YES;
				CLANG_WARN_BOOL_CONVERSION = YES;
				CLANG_WARN_COMMA = YES;
				CLANG_WARN_CONSTANT_CONVERSION = YES;
				CLANG_WARN_DEPRECATED_OBJC_IMPLEMENTATIONS = YES;
				CLANG_WARN_DIRECT_OBJC_ISA_USAGE = YES_ERROR;
				CLANG_WARN_DOCUMENTATION_COMMENTS = YES;
				CLANG_WARN_EMPTY_BODY = YES;
				CLANG_WARN_ENUM_CONVERSION = YES;
				CLANG_WARN_INFINITE_RECURSION = YES;
				CLANG_WARN_INT_CONVERSION = YES;
				CLANG_WARN_NON_LITERAL_NULL_CONVERSION = YES;
				CLANG_WARN_OBJC_IMPLICIT_RETAIN_SELF = YES;
				CLANG_WARN_OBJC_LITERAL_CONVERSION = YES;
				CLANG_WARN_OBJC_ROOT_CLASS = YES_ERROR;
				CLANG_WARN_RANGE_LOOP_ANALYSIS = YES;
				CLANG_WARN_STRICT_PROTOTYPES = YES;
				CLANG_WARN_SUSPICIOUS_MOVE = YES;
				CLANG_WARN_UNGUARDED_AVAILABILITY = YES_AGGRESSIVE;
				CLANG_WARN_UNREACHABLE_CODE = YES;
				CLANG_WARN__DUPLICATE_METHOD_MATCH = YES;
				COPY_PHASE_STRIP = NO;
				DEBUG_INFORMATION_FORMAT = "dwarf-with-dsym";
				ENABLE_NS_ASSERTIONS = NO;
				ENABLE_STRICT_OBJC_MSGSEND = YES;
				GCC_C_LANGUAGE_STANDARD = gnu11;
				GCC_NO_COMMON_BLOCKS = YES;
				GCC_WARN_64_TO_32_BIT_CONVERSION = YES;
				GCC_WARN_ABOUT_RETURN_TYPE = YES_ERROR;
				GCC_WARN_UNDECLARED_SELECTOR = YES;
				GCC_WARN_UNINITIALIZED_AUTOS = YES_AGGRESSIVE;
				GCC_WARN_UNUSED_FUNCTION = YES;
				GCC_WARN_UNUSED_VARIABLE = YES;
				IPHONEOS_DEPLOYMENT_TARGET = 13.2;
				MTL_ENABLE_DEBUG_INFO = NO;
				MTL_FAST_MATH = YES;
				SDKROOT = iphoneos;
				SWIFT_COMPILATION_MODE = wholemodule;
				SWIFT_OPTIMIZATION_LEVEL = "-O";
				VALIDATE_PRODUCT = YES;
			};
			name = Release;
		};
		4CF92C5624DC90C20095C45A /* Debug */ = {
			isa = XCBuildConfiguration;
			baseConfigurationReference = C54BD5D2B71FAFAB76214F36 /* Pods-Weather.debug.xcconfig */;
			buildSettings = {
				ASSETCATALOG_COMPILER_APPICON_NAME = AppIcon;
				CODE_SIGN_STYLE = Automatic;
				DEVELOPMENT_TEAM = 5QYZH5P9A6;
				INFOPLIST_FILE = Weather/Info.plist;
				IPHONEOS_DEPLOYMENT_TARGET = 13.0;
				LD_RUNPATH_SEARCH_PATHS = (
					"$(inherited)",
					"@executable_path/Frameworks",
				);
				PRODUCT_BUNDLE_IDENTIFIER = com.lang.Weather;
				PRODUCT_NAME = "$(TARGET_NAME)";
				SWIFT_VERSION = 5.0;
				TARGETED_DEVICE_FAMILY = "1,2";
			};
			name = Debug;
		};
		4CF92C5724DC90C20095C45A /* Release */ = {
			isa = XCBuildConfiguration;
			baseConfigurationReference = BFEA4814067A34B1E1A2516D /* Pods-Weather.release.xcconfig */;
			buildSettings = {
				ASSETCATALOG_COMPILER_APPICON_NAME = AppIcon;
				CODE_SIGN_STYLE = Automatic;
				DEVELOPMENT_TEAM = 5QYZH5P9A6;
				INFOPLIST_FILE = Weather/Info.plist;
				IPHONEOS_DEPLOYMENT_TARGET = 13.0;
				LD_RUNPATH_SEARCH_PATHS = (
					"$(inherited)",
					"@executable_path/Frameworks",
				);
				PRODUCT_BUNDLE_IDENTIFIER = com.lang.Weather;
				PRODUCT_NAME = "$(TARGET_NAME)";
				SWIFT_VERSION = 5.0;
				TARGETED_DEVICE_FAMILY = "1,2";
			};
			name = Release;
		};
		4CF92C5924DC90C20095C45A /* Debug */ = {
			isa = XCBuildConfiguration;
			baseConfigurationReference = 8338AA9257E9586922B8D426 /* Pods-WeatherTests.debug.xcconfig */;
			buildSettings = {
				ALWAYS_EMBED_SWIFT_STANDARD_LIBRARIES = YES;
				BUNDLE_LOADER = "$(TEST_HOST)";
				CODE_SIGN_STYLE = Automatic;
				DEVELOPMENT_TEAM = 5QYZH5P9A6;
				INFOPLIST_FILE = WeatherTests/Info.plist;
				IPHONEOS_DEPLOYMENT_TARGET = 13.2;
				LD_RUNPATH_SEARCH_PATHS = (
					"$(inherited)",
					"@executable_path/Frameworks",
					"@loader_path/Frameworks",
				);
				PRODUCT_BUNDLE_IDENTIFIER = com.lang.WeatherTests;
				PRODUCT_NAME = "$(TARGET_NAME)";
				SWIFT_VERSION = 5.0;
				TARGETED_DEVICE_FAMILY = "1,2";
				TEST_HOST = "$(BUILT_PRODUCTS_DIR)/Weather.app/Weather";
			};
			name = Debug;
		};
		4CF92C5A24DC90C20095C45A /* Release */ = {
			isa = XCBuildConfiguration;
			baseConfigurationReference = CE05D2CAD96DF1B736590E5C /* Pods-WeatherTests.release.xcconfig */;
			buildSettings = {
				ALWAYS_EMBED_SWIFT_STANDARD_LIBRARIES = YES;
				BUNDLE_LOADER = "$(TEST_HOST)";
				CODE_SIGN_STYLE = Automatic;
				DEVELOPMENT_TEAM = 5QYZH5P9A6;
				INFOPLIST_FILE = WeatherTests/Info.plist;
				IPHONEOS_DEPLOYMENT_TARGET = 13.2;
				LD_RUNPATH_SEARCH_PATHS = (
					"$(inherited)",
					"@executable_path/Frameworks",
					"@loader_path/Frameworks",
				);
				PRODUCT_BUNDLE_IDENTIFIER = com.lang.WeatherTests;
				PRODUCT_NAME = "$(TARGET_NAME)";
				SWIFT_VERSION = 5.0;
				TARGETED_DEVICE_FAMILY = "1,2";
				TEST_HOST = "$(BUILT_PRODUCTS_DIR)/Weather.app/Weather";
			};
			name = Release;
		};
		4CF92C5C24DC90C20095C45A /* Debug */ = {
			isa = XCBuildConfiguration;
			baseConfigurationReference = F03AB91A58A77280BBBAA610 /* Pods-Weather-WeatherUITests.debug.xcconfig */;
			buildSettings = {
				ALWAYS_EMBED_SWIFT_STANDARD_LIBRARIES = YES;
				CODE_SIGN_STYLE = Automatic;
				DEVELOPMENT_TEAM = 5QYZH5P9A6;
				INFOPLIST_FILE = WeatherUITests/Info.plist;
				LD_RUNPATH_SEARCH_PATHS = (
					"$(inherited)",
					"@executable_path/Frameworks",
					"@loader_path/Frameworks",
				);
				PRODUCT_BUNDLE_IDENTIFIER = com.lang.WeatherUITests;
				PRODUCT_NAME = "$(TARGET_NAME)";
				SWIFT_VERSION = 5.0;
				TARGETED_DEVICE_FAMILY = "1,2";
				TEST_TARGET_NAME = Weather;
			};
			name = Debug;
		};
		4CF92C5D24DC90C20095C45A /* Release */ = {
			isa = XCBuildConfiguration;
			baseConfigurationReference = FB476BF9BF0FBFD50F97BBBA /* Pods-Weather-WeatherUITests.release.xcconfig */;
			buildSettings = {
				ALWAYS_EMBED_SWIFT_STANDARD_LIBRARIES = YES;
				CODE_SIGN_STYLE = Automatic;
				DEVELOPMENT_TEAM = 5QYZH5P9A6;
				INFOPLIST_FILE = WeatherUITests/Info.plist;
				LD_RUNPATH_SEARCH_PATHS = (
					"$(inherited)",
					"@executable_path/Frameworks",
					"@loader_path/Frameworks",
				);
				PRODUCT_BUNDLE_IDENTIFIER = com.lang.WeatherUITests;
				PRODUCT_NAME = "$(TARGET_NAME)";
				SWIFT_VERSION = 5.0;
				TARGETED_DEVICE_FAMILY = "1,2";
				TEST_TARGET_NAME = Weather;
			};
			name = Release;
		};
/* End XCBuildConfiguration section */

/* Begin XCConfigurationList section */
		4CF92C2324DC90BF0095C45A /* Build configuration list for PBXProject "Weather" */ = {
			isa = XCConfigurationList;
			buildConfigurations = (
				4CF92C5324DC90C20095C45A /* Debug */,
				4CF92C5424DC90C20095C45A /* Release */,
			);
			defaultConfigurationIsVisible = 0;
			defaultConfigurationName = Release;
		};
		4CF92C5524DC90C20095C45A /* Build configuration list for PBXNativeTarget "Weather" */ = {
			isa = XCConfigurationList;
			buildConfigurations = (
				4CF92C5624DC90C20095C45A /* Debug */,
				4CF92C5724DC90C20095C45A /* Release */,
			);
			defaultConfigurationIsVisible = 0;
			defaultConfigurationName = Release;
		};
		4CF92C5824DC90C20095C45A /* Build configuration list for PBXNativeTarget "WeatherTests" */ = {
			isa = XCConfigurationList;
			buildConfigurations = (
				4CF92C5924DC90C20095C45A /* Debug */,
				4CF92C5A24DC90C20095C45A /* Release */,
			);
			defaultConfigurationIsVisible = 0;
			defaultConfigurationName = Release;
		};
		4CF92C5B24DC90C20095C45A /* Build configuration list for PBXNativeTarget "WeatherUITests" */ = {
			isa = XCConfigurationList;
			buildConfigurations = (
				4CF92C5C24DC90C20095C45A /* Debug */,
				4CF92C5D24DC90C20095C45A /* Release */,
			);
			defaultConfigurationIsVisible = 0;
			defaultConfigurationName = Release;
		};
/* End XCConfigurationList section */

/* Begin XCVersionGroup section */
		4CF92C3424DC90BF0095C45A /* Weather.xcdatamodeld */ = {
			isa = XCVersionGroup;
			children = (
				4CF92C3524DC90BF0095C45A /* Weather.xcdatamodel */,
			);
			currentVersion = 4CF92C3524DC90BF0095C45A /* Weather.xcdatamodel */;
			path = Weather.xcdatamodeld;
			sourceTree = "<group>";
			versionGroupType = wrapper.xcdatamodel;
		};
/* End XCVersionGroup section */
	};
	rootObject = 4CF92C2024DC90BF0095C45A /* Project object */;
}
